
Microsoft Visual Studio Solution File, Format Version 12.00
# Visual Studio Version 16
VisualStudioVersion = 16.0.30114.105
MinimumVisualStudioVersion = 10.0.40219.1
Project("{9A19103F-16F7-4668-BE54-9A1E7A4F7556}") = "Task3", "Task3\Task3.csproj", "{75CA132A-AF75-44EE-B0E2-3552D808F461}"
EndProject
Project("{FAE04EC0-301F-11D3-BF4B-00C04F79EFBC}") = "test", "test\test.csproj", "{98FFBD76-403D-473B-9276-765D7A9773BB}"
EndProject
Global
	GlobalSection(SolutionConfigurationPlatforms) = preSolution
		Debug|Any CPU = Debug|Any CPU
		Release|Any CPU = Release|Any CPU
	EndGlobalSection
	GlobalSection(ProjectConfigurationPlatforms) = postSolution
		{75CA132A-AF75-44EE-B0E2-3552D808F461}.Debug|Any CPU.ActiveCfg = Debug|Any CPU
		{75CA132A-AF75-44EE-B0E2-3552D808F461}.Debug|Any CPU.Build.0 = Debug|Any CPU
		{75CA132A-AF75-44EE-B0E2-3552D808F461}.Release|Any CPU.ActiveCfg = Release|Any CPU
		{75CA132A-AF75-44EE-B0E2-3552D808F461}.Release|Any CPU.Build.0 = Release|Any CPU
		{98FFBD76-403D-473B-9276-765D7A9773BB}.Debug|Any CPU.ActiveCfg = Debug|Any CPU
		{98FFBD76-403D-473B-9276-765D7A9773BB}.Debug|Any CPU.Build.0 = Debug|Any CPU
		{98FFBD76-403D-473B-9276-765D7A9773BB}.Release|Any CPU.ActiveCfg = Release|Any CPU
		{98FFBD76-403D-473B-9276-765D7A9773BB}.Release|Any CPU.Build.0 = Release|Any CPU
	EndGlobalSection
	GlobalSection(SolutionProperties) = preSolution
		HideSolutionNode = FALSE
	EndGlobalSection
	GlobalSection(ExtensibilityGlobals) = postSolution
		SolutionGuid = {C1CB0E04-12BF-4A97-909C-0E47B777ED62}
	EndGlobalSection
EndGlobal
